// !$*UTF8*$!
{
	archiveVersion = 1;
	classes = {
	};
	objectVersion = 46;
	objects = {

/* Begin PBXBuildFile section */
		C509EEFD2084E2A800CABC1E /* AppDelegate.swift in Sources */ = {isa = PBXBuildFile; fileRef = C509EEFC2084E2A800CABC1E /* AppDelegate.swift */; };
		C509EEFF2084E2A800CABC1E /* ViewController.swift in Sources */ = {isa = PBXBuildFile; fileRef = C509EEFE2084E2A800CABC1E /* ViewController.swift */; };
		C509EF022084E2A800CABC1E /* Main.storyboard in Resources */ = {isa = PBXBuildFile; fileRef = C509EF002084E2A800CABC1E /* Main.storyboard */; };
		C509EF052084E2A800CABC1E /* hustleMode.xcdatamodeld in Sources */ = {isa = PBXBuildFile; fileRef = C509EF032084E2A800CABC1E /* hustleMode.xcdatamodeld */; };
		C509EF072084E2A800CABC1E /* Assets.xcassets in Resources */ = {isa = PBXBuildFile; fileRef = C509EF062084E2A800CABC1E /* Assets.xcassets */; };
		C509EF0A2084E2A800CABC1E /* LaunchScreen.storyboard in Resources */ = {isa = PBXBuildFile; fileRef = C509EF082084E2A800CABC1E /* LaunchScreen.storyboard */; };
		C509EF142084EC8600CABC1E /* hustle-on.wav in Resources */ = {isa = PBXBuildFile; fileRef = C509EF132084EC8600CABC1E /* hustle-on.wav */; };
/* End PBXBuildFile section */

/* Begin PBXFileReference section */
		C509EEF92084E2A700CABC1E /* hustleMode.app */ = {isa = PBXFileReference; explicitFileType = wrapper.application; includeInIndex = 0; path = hustleMode.app; sourceTree = BUILT_PRODUCTS_DIR; };
		C509EEFC2084E2A800CABC1E /* AppDelegate.swift */ = {isa = PBXFileReference; lastKnownFileType = sourcecode.swift; path = AppDelegate.swift; sourceTree = "<group>"; };
		C509EEFE2084E2A800CABC1E /* ViewController.swift */ = {isa = PBXFileReference; lastKnownFileType = sourcecode.swift; path = ViewController.swift; sourceTree = "<group>"; };
		C509EF012084E2A800CABC1E /* Base */ = {isa = PBXFileReference; lastKnownFileType = file.storyboard; name = Base; path = Base.lproj/Main.storyboard; sourceTree = "<group>"; };
		C509EF042084E2A800CABC1E /* hustleMode.xcdatamodel */ = {isa = PBXFileReference; lastKnownFileType = wrapper.xcdatamodel; path = hustleMode.xcdatamodel; sourceTree = "<group>"; };
		C509EF062084E2A800CABC1E /* Assets.xcassets */ = {isa = PBXFileReference; lastKnownFileType = folder.assetcatalog; path = Assets.xcassets; sourceTree = "<group>"; };
		C509EF092084E2A800CABC1E /* Base */ = {isa = PBXFileReference; lastKnownFileType = file.storyboard; name = Base; path = Base.lproj/LaunchScreen.storyboard; sourceTree = "<group>"; };
		C509EF0B2084E2A900CABC1E /* Info.plist */ = {isa = PBXFileReference; lastKnownFileType = text.plist.xml; path = Info.plist; sourceTree = "<group>"; };
		C509EF132084EC8600CABC1E /* hustle-on.wav */ = {isa = PBXFileReference; lastKnownFileType = audio.wav; path = "hustle-on.wav"; sourceTree = "<group>"; };
/* End PBXFileReference section */

/* Begin PBXFrameworksBuildPhase section */
		C509EEF62084E2A700CABC1E /* Frameworks */ = {
			isa = PBXFrameworksBuildPhase;
			buildActionMask = 2147483647;
			files = (
			);
			runOnlyForDeploymentPostprocessing = 0;
		};
/* End PBXFrameworksBuildPhase section */

/* Begin PBXGroup section */
		C509EEF02084E2A700CABC1E = {
			isa = PBXGroup;
			children = (
				C509EEFB2084E2A700CABC1E /* hustleMode */,
				C509EEFA2084E2A700CABC1E /* Products */,
			);
			sourceTree = "<group>";
		};
		C509EEFA2084E2A700CABC1E /* Products */ = {
			isa = PBXGroup;
			children = (
				C509EEF92084E2A700CABC1E /* hustleMode.app */,
			);
			name = Products;
			sourceTree = "<group>";
		};
		C509EEFB2084E2A700CABC1E /* hustleMode */ = {
			isa = PBXGroup;
			children = (
				C509EF132084EC8600CABC1E /* hustle-on.wav */,
				C509EEFC2084E2A800CABC1E /* AppDelegate.swift */,
				C509EEFE2084E2A800CABC1E /* ViewController.swift */,
				C509EF002084E2A800CABC1E /* Main.storyboard */,
				C509EF062084E2A800CABC1E /* Assets.xcassets */,
				C509EF082084E2A800CABC1E /* LaunchScreen.storyboard */,
				C509EF0B2084E2A900CABC1E /* Info.plist */,
				C509EF032084E2A800CABC1E /* hustleMode.xcdatamodeld */,
			);
			path = hustleMode;
			sourceTree = "<group>";
		};
/* End PBXGroup section */

/* Begin PBXNativeTarget section */
		C509EEF82084E2A700CABC1E /* hustleMode */ = {
			isa = PBXNativeTarget;
			buildConfigurationList = C509EF0E2084E2A900CABC1E /* Build configuration list for PBXNativeTarget "hustleMode" */;
			buildPhases = (
				C509EEF52084E2A700CABC1E /* Sources */,
				C509EEF62084E2A700CABC1E /* Frameworks */,
				C509EEF72084E2A700CABC1E /* Resources */,
			);
			buildRules = (
			);
			dependencies = (
			);
			name = hustleMode;
			productName = hustleMode;
			productReference = C509EEF92084E2A700CABC1E /* hustleMode.app */;
			productType = "com.apple.product-type.application";
		};
/* End PBXNativeTarget section */

/* Begin PBXProject section */
		C509EEF12084E2A700CABC1E /* Project object */ = {
			isa = PBXProject;
			attributes = {
				LastSwiftUpdateCheck = 0830;
				LastUpgradeCheck = 0830;
				ORGANIZATIONNAME = "Parth Lamba";
				TargetAttributes = {
					C509EEF82084E2A700CABC1E = {
						CreatedOnToolsVersion = 8.3.3;
						DevelopmentTeam = KAF555H8BH;
						ProvisioningStyle = Automatic;
					};
				};
			};
			buildConfigurationList = C509EEF42084E2A700CABC1E /* Build configuration list for PBXProject "hustleMode" */;
			compatibilityVersion = "Xcode 3.2";
			developmentRegion = English;
			hasScannedForEncodings = 0;
			knownRegions = (
				en,
				Base,
			);
			mainGroup = C509EEF02084E2A700CABC1E;
			productRefGroup = C509EEFA2084E2A700CABC1E /* Products */;
			projectDirPath = "";
			projectRoot = "";
			targets = (
				C509EEF82084E2A700CABC1E /* hustleMode */,
			);
		};
/* End PBXProject section */

/* Begin PBXResourcesBuildPhase section */
		C509EEF72084E2A700CABC1E /* Resources */ = {
			isa = PBXResourcesBuildPhase;
			buildActionMask = 2147483647;
			files = (
				C509EF142084EC8600CABC1E /* hustle-on.wav in Resources */,
				C509EF0A2084E2A800CABC1E /* LaunchScreen.storyboard in Resources */,
				C509EF072084E2A800CABC1E /* Assets.xcassets in Resources */,
				C509EF022084E2A800CABC1E /* Main.storyboard in Resources */,
			);
			runOnlyForDeploymentPostprocessing = 0;
		};
/* End PBXResourcesBuildPhase section */

/* Begin PBXSourcesBuildPhase section */
		C509EEF52084E2A700CABC1E /* Sources */ = {
			isa = PBXSourcesBuildPhase;
			buildActionMask = 2147483647;
			files = (
				C509EEFF2084E2A800CABC1E /* ViewController.swift in Sources */,
				C509EEFD2084E2A800CABC1E /* AppDelegate.swift in Sources */,
				C509EF052084E2A800CABC1E /* hustleMode.xcdatamodeld in Sources */,
			);
			runOnlyForDeploymentPostprocessing = 0;
		};
/* End PBXSourcesBuildPhase section */

/* Begin PBXVariantGroup section */
		C509EF002084E2A800CABC1E /* Main.storyboard */ = {
			isa = PBXVariantGroup;
			children = (
				C509EF012084E2A800CABC1E /* Base */,
			);
			name = Main.storyboard;
			sourceTree = "<group>";
		};
		C509EF082084E2A800CABC1E /* LaunchScreen.storyboard */ = {
			isa = PBXVariantGroup;
			children = (
				C509EF092084E2A800CABC1E /* Base */,
			);
			name = LaunchScreen.storyboard;
			sourceTree = "<group>";
		};
/* End PBXVariantGroup section */

/* Begin XCBuildConfiguration section */
		C509EF0C2084E2A900CABC1E /* Debug */ = {
			isa = XCBuildConfiguration;
			buildSettings = {
				ALWAYS_SEARCH_USER_PATHS = NO;
				CLANG_ANALYZER_NONNULL = YES;
				CLANG_ANALYZER_NUMBER_OBJECT_CONVERSION = YES_AGGRESSIVE;
				CLANG_CXX_LANGUAGE_STANDARD = "gnu++0x";
				CLANG_CXX_LIBRARY = "libc++";
				CLANG_ENABLE_MODULES = YES;
				CLANG_ENABLE_OBJC_ARC = YES;
				CLANG_WARN_BOOL_CONVERSION = YES;
				CLANG_WARN_CONSTANT_CONVERSION = YES;
				CLANG_WARN_DIRECT_OBJC_ISA_USAGE = YES_ERROR;
				CLANG_WARN_DOCUMENTATION_COMMENTS = YES;
				CLANG_WARN_EMPTY_BODY = YES;
				CLANG_WARN_ENUM_CONVERSION = YES;
				CLANG_WARN_INFINITE_RECURSION = YES;
				CLANG_WARN_INT_CONVERSION = YES;
				CLANG_WARN_OBJC_ROOT_CLASS = YES_ERROR;
				CLANG_WARN_SUSPICIOUS_MOVE = YES;
				CLANG_WARN_UNREACHABLE_CODE = YES;
				CLANG_WARN__DUPLICATE_METHOD_MATCH = YES;
				"CODE_SIGN_IDENTITY[sdk=iphoneos*]" = "iPhone Developer";
				COPY_PHASE_STRIP = NO;
				DEBUG_INFORMATION_FORMAT = dwarf;
				ENABLE_STRICT_OBJC_MSGSEND = YES;
				ENABLE_TESTABILITY = YES;
				GCC_C_LANGUAGE_STANDARD = gnu99;
				GCC_DYNAMIC_NO_PIC = NO;
				GCC_NO_COMMON_BLOCKS = YES;
				GCC_OPTIMIZATION_LEVEL = 0;
				GCC_PREPROCESSOR_DEFINITIONS = (
					"DEBUG=1",
					"$(inherited)",
				);
				GCC_WARN_64_TO_32_BIT_CONVERSION = YES;
				GCC_WARN_ABOUT_RETURN_TYPE = YES_ERROR;
				GCC_WARN_UNDECLARED_SELECTOR = YES;
				GCC_WARN_UNINITIALIZED_AUTOS = YES_AGGRESSIVE;
				GCC_WARN_UNUSED_FUNCTION = YES;
				GCC_WARN_UNUSED_VARIABLE = YES;
				IPHONEOS_DEPLOYMENT_TARGET = 10.3;
				MTL_ENABLE_DEBUG_INFO = YES;
				ONLY_ACTIVE_ARCH = YES;
				SDKROOT = iphoneos;
				SWIFT_ACTIVE_COMPILATION_CONDITIONS = DEBUG;
				SWIFT_OPTIMIZATION_LEVEL = "-Onone";
				TARGETED_DEVICE_FAMILY = "1,2";
			};
			name = Debug;
		};
		C509EF0D2084E2A900CABC1E /* Release */ = {
			isa = XCBuildConfiguration;
			buildSettings = {
				ALWAYS_SEARCH_USER_PATHS = NO;
				CLANG_ANALYZER_NONNULL = YES;
				CLANG_ANALYZER_NUMBER_OBJECT_CONVERSION = YES_AGGRESSIVE;
				CLANG_CXX_LANGUAGE_STANDARD = "gnu++0x";
				CLANG_CXX_LIBRARY = "libc++";
				CLANG_ENABLE_MODULES = YES;
				CLANG_ENABLE_OBJC_ARC = YES;
				CLANG_WARN_BOOL_CONVERSION = YES;
				CLANG_WARN_CONSTANT_CONVERSION = YES;
				CLANG_WARN_DIRECT_OBJC_ISA_USAGE = YES_ERROR;
				CLANG_WARN_DOCUMENTATION_COMMENTS = YES;
				CLANG_WARN_EMPTY_BODY = YES;
				CLANG_WARN_ENUM_CONVERSION = YES;
				CLANG_WARN_INFINITE_RECURSION = YES;
				CLANG_WARN_INT_CONVERSION = YES;
				CLANG_WARN_OBJC_ROOT_CLASS = YES_ERROR;
				CLANG_WARN_SUSPICIOUS_MOVE = YES;
				CLANG_WARN_UNREACHABLE_CODE = YES;
				CLANG_WARN__DUPLICATE_METHOD_MATCH = YES;
				"CODE_SIGN_IDENTITY[sdk=iphoneos*]" = "iPhone Developer";
				COPY_PHASE_STRIP = NO;
				DEBUG_INFORMATION_FORMAT = "dwarf-with-dsym";
				ENABLE_NS_ASSERTIONS = NO;
				ENABLE_STRICT_OBJC_MSGSEND = YES;
				GCC_C_LANGUAGE_STANDARD = gnu99;
				GCC_NO_COMMON_BLOCKS = YES;
				GCC_WARN_64_TO_32_BIT_CONVERSION = YES;
				GCC_WARN_ABOUT_RETURN_TYPE = YES_ERROR;
				GCC_WARN_UNDECLARED_SELECTOR = YES;
				GCC_WARN_UNINITIALIZED_AUTOS = YES_AGGRESSIVE;
				GCC_WARN_UNUSED_FUNCTION = YES;
				GCC_WARN_UNUSED_VARIABLE = YES;
				IPHONEOS_DEPLOYMENT_TARGET = 10.3;
				MTL_ENABLE_DEBUG_INFO = NO;
				SDKROOT = iphoneos;
				SWIFT_OPTIMIZATION_LEVEL = "-Owholemodule";
				TARGETED_DEVICE_FAMILY = "1,2";
				VALIDATE_PRODUCT = YES;
			};
			name = Release;
		};
		C509EF0F2084E2A900CABC1E /* Debug */ = {
			isa = XCBuildConfiguration;
			buildSettings = {
				ASSETCATALOG_COMPILER_APPICON_NAME = AppIcon;
				DEVELOPMENT_TEAM = KAF555H8BH;
				INFOPLIST_FILE = hustleMode/Info.plist;
				LD_RUNPATH_SEARCH_PATHS = "$(inherited) @executable_path/Frameworks";
				PRODUCT_BUNDLE_IDENTIFIER = com.lambaParth.hustleMode;
				PRODUCT_NAME = "$(TARGET_NAME)";
				SWIFT_VERSION = 3.0;
			};
			name = Debug;
		};
		C509EF102084E2A900CABC1E /* Release */ = {
			isa = XCBuildConfiguration;
			buildSettings = {
				ASSETCATALOG_COMPILER_APPICON_NAME = AppIcon;
				DEVELOPMENT_TEAM = KAF555H8BH;
				INFOPLIST_FILE = hustleMode/Info.plist;
				LD_RUNPATH_SEARCH_PATHS = "$(inherited) @executable_path/Frameworks";
				PRODUCT_BUNDLE_IDENTIFIER = com.lambaParth.hustleMode;
				PRODUCT_NAME = "$(TARGET_NAME)";
				SWIFT_VERSION = 3.0;
			};
			name = Release;
		};
/* End XCBuildConfiguration section */

/* Begin XCConfigurationList section */
		C509EEF42084E2A700CABC1E /* Build configuration list for PBXProject "hustleMode" */ = {
			isa = XCConfigurationList;
			buildConfigurations = (
				C509EF0C2084E2A900CABC1E /* Debug */,
				C509EF0D2084E2A900CABC1E /* Release */,
			);
			defaultConfigurationIsVisible = 0;
			defaultConfigurationName = Release;
		};
		C509EF0E2084E2A900CABC1E /* Build configuration list for PBXNativeTarget "hustleMode" */ = {
			isa = XCConfigurationList;
			buildConfigurations = (
				C509EF0F2084E2A900CABC1E /* Debug */,
				C509EF102084E2A900CABC1E /* Release */,
			);
			defaultConfigurationIsVisible = 0;
		};
/* End XCConfigurationList section */

/* Begin XCVersionGroup section */
		C509EF032084E2A800CABC1E /* hustleMode.xcdatamodeld */ = {
			isa = XCVersionGroup;
			children = (
				C509EF042084E2A800CABC1E /* hustleMode.xcdatamodel */,
			);
			currentVersion = C509EF042084E2A800CABC1E /* hustleMode.xcdatamodel */;
			path = hustleMode.xcdatamodeld;
			sourceTree = "<group>";
			versionGroupType = wrapper.xcdatamodel;
		};
/* End XCVersionGroup section */
	};
	rootObject = C509EEF12084E2A700CABC1E /* Project object */;
}
